{
  "nodes": {
    "flakeNimbleLib": {
      "inputs": {
        "nixpkgs": [
          "nixpkgs"
        ]
      },
      "locked": {
        "lastModified": 1662018438,
        "narHash": "sha256-QtNtU6+LX3Wokxf0zlFwKTFOcn6TeDjKQZ+DA9OYtvM=",
        "owner": "riinr",
        "repo": "nim-flakes-lib",
        "rev": "b1fe8340736e3a85d25c709ac3dfd82a55c03cbf",
        "type": "github"
      },
      "original": {
        "owner": "riinr",
        "ref": "master",
        "repo": "nim-flakes-lib",
        "type": "github"
      }
    },
    "nixpkgs": {
      "locked": {
        "lastModified": 1667199707,
        "narHash": "sha256-I2Js3Y7gUyVSEXPULHlBoRek4Lh85vnevdS6mdvDNLI=",
        "owner": "NixOS",
        "repo": "nixpkgs",
        "rev": "ced197be72099edcfa68ebed8b87af7b04851f45",
        "type": "github"
      },
      "original": {
        "id": "nixpkgs",
        "type": "indirect"
      }
    },
    "qrcode-master": {
      "inputs": {
        "flakeNimbleLib": [
          "flakeNimbleLib"
        ],
        "nixpkgs": [
          "nixpkgs"
        ],
        "src-qrcode-master": "src-qrcode-master"
      },
      "locked": {
        "dir": "master",
        "lastModified": 1667322609,
        "narHash": "sha256-Zhs5y6TBREQ10t10IyWYlerkxX9ySvtDFgSZD5m1bgU=",
        "owner": "nim-nix-pkgs",
        "repo": "qrcode",
        "rev": "9e2366de6a7a59b499bf06ec8a194b2fa3016545",
        "type": "github"
      },
      "original": {
        "dir": "master",
        "owner": "nim-nix-pkgs",
        "ref": "master",
        "repo": "qrcode",
        "type": "github"
      }
    },
    "root": {
      "inputs": {
        "flakeNimbleLib": "flakeNimbleLib",
        "nixpkgs": "nixpkgs",
        "qrcode-master": "qrcode-master"
      }
    },
    "src-qrcode-master": {
      "flake": false,
      "locked": {
        "lastModified": 1500856787,
        "narHash": "sha256-cXuWJHtVXpC3fOzQ/heSsKYqKemJu7GjAvjEAZIqfa8=",
        "owner": "achesak",
        "repo": "nim-qrcode",
        "rev": "f7320621aaa74dfef6e681ed2d3568fbf67c9c2c",
        "type": "github"
      },
      "original": {
        "owner": "achesak",
        "ref": "refs/heads/master",
        "repo": "nim-qrcode",
        "type": "github"
      }
    }
  },
  "root": "root",
  "version": 7
}
